hash: 57072d22af02b20e246cc262071a0fb56618ee1008af961a497db6c2dbaafa41
updated: 2016-02-11T13:39:03.902683475+01:00
imports:
- name: github.com/davecgh/go-spew
  version: 2df174808ee097f90d259e432cc04442cf60be21
  subpackages:
  - spew
- name: github.com/glerchundi/kubelistener
  version: ec9407fda4fb923ef92b5355c393f94c82ef3148
- name: github.com/glerchundi/logrus
  version: 39dd9c24b9e7561aa92cc6f54b5f4fbad5b2df17
- name: github.com/gorilla/websocket
  version: b824a5d8536651ad2d690c17e270d58855dbfd02
- name: github.com/kelseyhightower/memkv
  version: 32a4556de2a1aab8ea4c8600f5ea24db3fbd8908
- name: github.com/pmezard/go-difflib
  version: d8ed2627bdf02c080bf22230dbb337003b7aba2d
  subpackages:
  - difflib
- name: github.com/Sirupsen/logrus
  version: f7f79f729e0fbe2fcc061db48a9ba0263f588252
- name: github.com/spf13/pflag
  version: 7f60f83a2c81bc3c3c0d5297f61ddfa68da9d3b7
- name: github.com/stretchr/objx
  version: cbeaeb16a013161a98496fad62933b1d21786672
- name: github.com/stretchr/testify
  version: 9f9027faeb0dad515336ed2f28317f9f8f527ab4
  subpackages:
  - /assert
- name: golang.org/x/crypto
  version: 1f22c0103821b9390939b6776727195525381532
- name: golang.org/x/net
  version: 8968c61983e8f51a91b8c0ef25bf739278c89634
  subpackages:
  - /context/ctxhttp
- name: golang.org/x/text
  version: 09761194ac5034a97b2bfad4f5b896b0ac350b3e
- name: gopkg.in/airbrake/gobrake.v2
  version: c9d51adc624b5cc4c1bf8de730a09af4878ffe2d
- name: gopkg.in/gemnasium/logrus-airbrake-hook.v2
  version: 31e6fd4bd5a98d8ee7673d24bc54ec73c31810dd
- name: speter.net/go/exp/math/dec/inf
  version: 42ca6cd68aa922bc3f32f1e056e61b65945d9ad7
devImports: []
